
Microsoft Visual Studio Solution File, Format Version 12.00
# Visual Studio Version 17
VisualStudioVersion = 17.8.34330.188
MinimumVisualStudioVersion = 10.0.40219.1
Project("{8BC9CEB8-8B4A-11D0-8D11-00A0C91BC942}") = "Sandbox", "Sandbox\Sandbox.vcxproj", "{F049278F-60AC-48F5-990C-EC0BA4A724F1}"
EndProject
Project("{8BC9CEB8-8B4A-11D0-8D11-00A0C91BC942}") = "Soft", "Soft\Soft.vcxproj", "{28CEDACD-1010-4217-9B1B-9A4E841AEC17}"
EndProject
Global
	GlobalSection(SolutionConfigurationPlatforms) = preSolution
		Debug|x64 = Debug|x64
		Release|x64 = Release|x64
	EndGlobalSection
	GlobalSection(ProjectConfigurationPlatforms) = postSolution
		{28CEDACD-1010-4217-9B1B-9A4E841AEC17}.Debug|x64.ActiveCfg = Debug|x64
		{28CEDACD-1010-4217-9B1B-9A4E841AEC17}.Debug|x64.Build.0 = Debug|x64
		{28CEDACD-1010-4217-9B1B-9A4E841AEC17}.Release|x64.ActiveCfg = Release|x64
		{28CEDACD-1010-4217-9B1B-9A4E841AEC17}.Release|x64.Build.0 = Release|x64
		{F049278F-60AC-48F5-990C-EC0BA4A724F1}.Debug|x64.ActiveCfg = Debug|x64
		{F049278F-60AC-48F5-990C-EC0BA4A724F1}.Debug|x64.Build.0 = Debug|x64
		{F049278F-60AC-48F5-990C-EC0BA4A724F1}.Release|x64.ActiveCfg = Release|x64
		{F049278F-60AC-48F5-990C-EC0BA4A724F1}.Release|x64.Build.0 = Release|x64
	EndGlobalSection
	GlobalSection(SolutionProperties) = preSolution
		HideSolutionNode = FALSE
	EndGlobalSection
	GlobalSection(ExtensibilityGlobals) = postSolution
		SolutionGuid = {876F77F6-BA0B-4546-AB98-32F4DC78DC96}
	EndGlobalSection
EndGlobal
